GEM
  remote: https://rubygems.org/
  specs:
    fast-polylines (2.2.0)
    httparty (0.21.0)
      mini_mime (>= 1.0.0)
      multi_xml (>= 0.5.2)
    mini_mime (1.1.5)
    multi_xml (0.6.0)

PLATFORMS
  universal-darwin-25
  x64-mingw32

DEPENDENCIES
  fast-polylines
  httparty

RUBY VERSION
   ruby 2.6.10p210

BUNDLED WITH
   2.2.5
